
Microsoft Visual Studio Solution File, Format Version 12.00
# Visual Studio Version 17
VisualStudioVersion = 17.8.34309.116
MinimumVisualStudioVersion = 10.0.40219.1
Project("{FAE04EC0-301F-11D3-BF4B-00C04F79EFBC}") = "SistemaInventario", "SistemaInventario\SistemaInventario.csproj", "{882C869D-67C4-4181-844A-9BB310023F6E}"
EndProject
Global
	GlobalSection(SolutionConfigurationPlatforms) = preSolution
		Debug|Any CPU = Debug|Any CPU
		Release|Any CPU = Release|Any CPU
	EndGlobalSection
	GlobalSection(ProjectConfigurationPlatforms) = postSolution
		{882C869D-67C4-4181-844A-9BB310023F6E}.Debug|Any CPU.ActiveCfg = Debug|Any CPU
		{882C869D-67C4-4181-844A-9BB310023F6E}.Debug|Any CPU.Build.0 = Debug|Any CPU
		{882C869D-67C4-4181-844A-9BB310023F6E}.Release|Any CPU.ActiveCfg = Release|Any CPU
		{882C869D-67C4-4181-844A-9BB310023F6E}.Release|Any CPU.Build.0 = Release|Any CPU
	EndGlobalSection
	GlobalSection(SolutionProperties) = preSolution
		HideSolutionNode = FALSE
	EndGlobalSection
	GlobalSection(ExtensibilityGlobals) = postSolution
		SolutionGuid = {54E49623-8950-47F3-951B-A35F7BD05FAD}
	EndGlobalSection
EndGlobal
